// !$*UTF8*$!
{
	archiveVersion = 1;
	classes = {
	};
	objectVersion = 46;
	objects = {

/* Begin PBXBuildFile section */
		2746B02B1BA52B5A00B4D364 /* AppDelegate.swift in Sources */ = {isa = PBXBuildFile; fileRef = 2746B02A1BA52B5A00B4D364 /* AppDelegate.swift */; };
		2746B02D1BA52B5A00B4D364 /* KidsViewController.swift in Sources */ = {isa = PBXBuildFile; fileRef = 2746B02C1BA52B5A00B4D364 /* KidsViewController.swift */; };
		2746B0301BA52B5A00B4D364 /* Main.storyboard in Resources */ = {isa = PBXBuildFile; fileRef = 2746B02E1BA52B5A00B4D364 /* Main.storyboard */; };
		2746B0321BA52B5A00B4D364 /* Assets.xcassets in Resources */ = {isa = PBXBuildFile; fileRef = 2746B0311BA52B5A00B4D364 /* Assets.xcassets */; };
		2746B0351BA52B5A00B4D364 /* LaunchScreen.storyboard in Resources */ = {isa = PBXBuildFile; fileRef = 2746B0331BA52B5A00B4D364 /* LaunchScreen.storyboard */; };
		2746B0401BA52B5A00B4D364 /* RadarFactory_Tests.swift in Sources */ = {isa = PBXBuildFile; fileRef = 2746B03F1BA52B5A00B4D364 /* RadarFactory_Tests.swift */; };
		2746B0591BA52BE600B4D364 /* Radar.swift in Sources */ = {isa = PBXBuildFile; fileRef = 2746B0581BA52BE600B4D364 /* Radar.swift */; };
		2746B05B1BA52CAF00B4D364 /* CoreBluetooth.framework in Frameworks */ = {isa = PBXBuildFile; fileRef = 2746B05A1BA52CAF00B4D364 /* CoreBluetooth.framework */; };
		2746B05D1BA52CB700B4D364 /* CoreLocation.framework in Frameworks */ = {isa = PBXBuildFile; fileRef = 2746B05C1BA52CB700B4D364 /* CoreLocation.framework */; };
		274E80D31BB855260091CC80 /* Radar_Tests.swift in Sources */ = {isa = PBXBuildFile; fileRef = 274E80D21BB855260091CC80 /* Radar_Tests.swift */; };
		274E80D51BB872F00091CC80 /* RadarResponder_Tests.swift in Sources */ = {isa = PBXBuildFile; fileRef = 274E80D41BB872F00091CC80 /* RadarResponder_Tests.swift */; };
		274E80D91BB8BF9C0091CC80 /* Radar_TestHelper.swift in Sources */ = {isa = PBXBuildFile; fileRef = 274E80D81BB8BF9C0091CC80 /* Radar_TestHelper.swift */; };
		27783BFB1BD402A200C26D37 /* Kid.swift in Sources */ = {isa = PBXBuildFile; fileRef = 27783BFA1BD402A200C26D37 /* Kid.swift */; settings = {ASSET_TAGS = (); }; };
		27783BFE1BD4498900C26D37 /* KidCell.swift in Sources */ = {isa = PBXBuildFile; fileRef = 27783BFD1BD4498900C26D37 /* KidCell.swift */; settings = {ASSET_TAGS = (); }; };
		27783C011BD451CE00C26D37 /* KidCell_Tests.swift in Sources */ = {isa = PBXBuildFile; fileRef = 27783C001BD451CE00C26D37 /* KidCell_Tests.swift */; settings = {ASSET_TAGS = (); }; };
		27783C031BD462BE00C26D37 /* KidViewController.swift in Sources */ = {isa = PBXBuildFile; fileRef = 27783C021BD462BE00C26D37 /* KidViewController.swift */; settings = {ASSET_TAGS = (); }; };
		27ADB6BF1BD483AB0062B776 /* PersistenceStack.swift in Sources */ = {isa = PBXBuildFile; fileRef = 27ADB6BE1BD483AB0062B776 /* PersistenceStack.swift */; settings = {ASSET_TAGS = (); }; };
		27ADB6C31BD4845E0062B776 /* Chord.xcdatamodeld in Sources */ = {isa = PBXBuildFile; fileRef = 27ADB6C11BD4845E0062B776 /* Chord.xcdatamodeld */; settings = {ASSET_TAGS = (); }; };
		27F7C3FF1BB4DB1600687F55 /* RadarResponder.swift in Sources */ = {isa = PBXBuildFile; fileRef = 27F7C3FE1BB4DB1600687F55 /* RadarResponder.swift */; };
		27FF88841BB77B9700D86C99 /* RadarFactory.swift in Sources */ = {isa = PBXBuildFile; fileRef = 27FF88831BB77B9700D86C99 /* RadarFactory.swift */; };
/* End PBXBuildFile section */

/* Begin PBXContainerItemProxy section */
		2746B03C1BA52B5A00B4D364 /* PBXContainerItemProxy */ = {
			isa = PBXContainerItemProxy;
			containerPortal = 2746B01F1BA52B5A00B4D364 /* Project object */;
			proxyType = 1;
			remoteGlobalIDString = 2746B0261BA52B5A00B4D364;
			remoteInfo = chord;
		};
/* End PBXContainerItemProxy section */

/* Begin PBXFileReference section */
		2746B0271BA52B5A00B4D364 /* chord.app */ = {isa = PBXFileReference; explicitFileType = wrapper.application; includeInIndex = 0; path = chord.app; sourceTree = BUILT_PRODUCTS_DIR; };
		2746B02A1BA52B5A00B4D364 /* AppDelegate.swift */ = {isa = PBXFileReference; lastKnownFileType = sourcecode.swift; path = AppDelegate.swift; sourceTree = "<group>"; };
		2746B02C1BA52B5A00B4D364 /* KidsViewController.swift */ = {isa = PBXFileReference; lastKnownFileType = sourcecode.swift; path = KidsViewController.swift; sourceTree = "<group>"; };
		2746B02F1BA52B5A00B4D364 /* Base */ = {isa = PBXFileReference; lastKnownFileType = file.storyboard; name = Base; path = Base.lproj/Main.storyboard; sourceTree = "<group>"; };
		2746B0311BA52B5A00B4D364 /* Assets.xcassets */ = {isa = PBXFileReference; lastKnownFileType = folder.assetcatalog; path = Assets.xcassets; sourceTree = "<group>"; };
		2746B0341BA52B5A00B4D364 /* Base */ = {isa = PBXFileReference; lastKnownFileType = file.storyboard; name = Base; path = Base.lproj/LaunchScreen.storyboard; sourceTree = "<group>"; };
		2746B0361BA52B5A00B4D364 /* Info.plist */ = {isa = PBXFileReference; lastKnownFileType = text.plist.xml; path = Info.plist; sourceTree = "<group>"; };
		2746B03B1BA52B5A00B4D364 /* chordTests.xctest */ = {isa = PBXFileReference; explicitFileType = wrapper.cfbundle; includeInIndex = 0; path = chordTests.xctest; sourceTree = BUILT_PRODUCTS_DIR; };
		2746B03F1BA52B5A00B4D364 /* RadarFactory_Tests.swift */ = {isa = PBXFileReference; lastKnownFileType = sourcecode.swift; path = RadarFactory_Tests.swift; sourceTree = "<group>"; };
		2746B0411BA52B5A00B4D364 /* Info.plist */ = {isa = PBXFileReference; lastKnownFileType = text.plist.xml; path = Info.plist; sourceTree = "<group>"; };
		2746B0581BA52BE600B4D364 /* Radar.swift */ = {isa = PBXFileReference; fileEncoding = 4; lastKnownFileType = sourcecode.swift; path = Radar.swift; sourceTree = "<group>"; };
		2746B05A1BA52CAF00B4D364 /* CoreBluetooth.framework */ = {isa = PBXFileReference; lastKnownFileType = wrapper.framework; name = CoreBluetooth.framework; path = System/Library/Frameworks/CoreBluetooth.framework; sourceTree = SDKROOT; };
		2746B05C1BA52CB700B4D364 /* CoreLocation.framework */ = {isa = PBXFileReference; lastKnownFileType = wrapper.framework; name = CoreLocation.framework; path = System/Library/Frameworks/CoreLocation.framework; sourceTree = SDKROOT; };
		274E80D21BB855260091CC80 /* Radar_Tests.swift */ = {isa = PBXFileReference; fileEncoding = 4; lastKnownFileType = sourcecode.swift; path = Radar_Tests.swift; sourceTree = "<group>"; };
		274E80D41BB872F00091CC80 /* RadarResponder_Tests.swift */ = {isa = PBXFileReference; fileEncoding = 4; lastKnownFileType = sourcecode.swift; path = RadarResponder_Tests.swift; sourceTree = "<group>"; };
		274E80D81BB8BF9C0091CC80 /* Radar_TestHelper.swift */ = {isa = PBXFileReference; fileEncoding = 4; lastKnownFileType = sourcecode.swift; path = Radar_TestHelper.swift; sourceTree = "<group>"; };
		27783BFA1BD402A200C26D37 /* Kid.swift */ = {isa = PBXFileReference; fileEncoding = 4; lastKnownFileType = sourcecode.swift; path = Kid.swift; sourceTree = "<group>"; };
		27783BFD1BD4498900C26D37 /* KidCell.swift */ = {isa = PBXFileReference; fileEncoding = 4; lastKnownFileType = sourcecode.swift; path = KidCell.swift; sourceTree = "<group>"; };
		27783C001BD451CE00C26D37 /* KidCell_Tests.swift */ = {isa = PBXFileReference; fileEncoding = 4; lastKnownFileType = sourcecode.swift; path = KidCell_Tests.swift; sourceTree = "<group>"; };
		27783C021BD462BE00C26D37 /* KidViewController.swift */ = {isa = PBXFileReference; fileEncoding = 4; lastKnownFileType = sourcecode.swift; path = KidViewController.swift; sourceTree = "<group>"; };
		27ADB6BE1BD483AB0062B776 /* PersistenceStack.swift */ = {isa = PBXFileReference; fileEncoding = 4; lastKnownFileType = sourcecode.swift; path = PersistenceStack.swift; sourceTree = "<group>"; };
		27ADB6C21BD4845E0062B776 /* Chord.xcdatamodel */ = {isa = PBXFileReference; lastKnownFileType = wrapper.xcdatamodel; path = Chord.xcdatamodel; sourceTree = "<group>"; };
		27F7C3FE1BB4DB1600687F55 /* RadarResponder.swift */ = {isa = PBXFileReference; fileEncoding = 4; lastKnownFileType = sourcecode.swift; path = RadarResponder.swift; sourceTree = "<group>"; };
		27FF88831BB77B9700D86C99 /* RadarFactory.swift */ = {isa = PBXFileReference; fileEncoding = 4; lastKnownFileType = sourcecode.swift; path = RadarFactory.swift; sourceTree = "<group>"; };
/* End PBXFileReference section */

/* Begin PBXFrameworksBuildPhase section */
		2746B0241BA52B5A00B4D364 /* Frameworks */ = {
			isa = PBXFrameworksBuildPhase;
			buildActionMask = 2147483647;
			files = (
				2746B05D1BA52CB700B4D364 /* CoreLocation.framework in Frameworks */,
				2746B05B1BA52CAF00B4D364 /* CoreBluetooth.framework in Frameworks */,
			);
			runOnlyForDeploymentPostprocessing = 0;
		};
		2746B0381BA52B5A00B4D364 /* Frameworks */ = {
			isa = PBXFrameworksBuildPhase;
			buildActionMask = 2147483647;
			files = (
			);
			runOnlyForDeploymentPostprocessing = 0;
		};
/* End PBXFrameworksBuildPhase section */

/* Begin PBXGroup section */
		2746B01E1BA52B5A00B4D364 = {
			isa = PBXGroup;
			children = (
				2746B0291BA52B5A00B4D364 /* chord */,
				2746B03E1BA52B5A00B4D364 /* chordTests */,
				27FF88851BB77EF700D86C99 /* Frameworks */,
				2746B0281BA52B5A00B4D364 /* Products */,
			);
			sourceTree = "<group>";
		};
		2746B0281BA52B5A00B4D364 /* Products */ = {
			isa = PBXGroup;
			children = (
				2746B0271BA52B5A00B4D364 /* chord.app */,
				2746B03B1BA52B5A00B4D364 /* chordTests.xctest */,
			);
			name = Products;
			sourceTree = "<group>";
		};
		2746B0291BA52B5A00B4D364 /* chord */ = {
			isa = PBXGroup;
			children = (
				27ADB6BD1BD483760062B776 /* Core */,
				27783BFC1BD4497500C26D37 /* Kids */,
				274E80D61BB8BF7A0091CC80 /* Radar */,
				27ADB6BC1BD483440062B776 /* Resources */,
			);
			path = chord;
			sourceTree = "<group>";
		};
		2746B03E1BA52B5A00B4D364 /* chordTests */ = {
			isa = PBXGroup;
			children = (
				27783BFF1BD451BB00C26D37 /* Kids */,
				274E80D71BB8BF810091CC80 /* Radar */,
				2746B0411BA52B5A00B4D364 /* Info.plist */,
			);
			path = chordTests;
			sourceTree = "<group>";
		};
		274E80D61BB8BF7A0091CC80 /* Radar */ = {
			isa = PBXGroup;
			children = (
				2746B0581BA52BE600B4D364 /* Radar.swift */,
				27FF88831BB77B9700D86C99 /* RadarFactory.swift */,
				27F7C3FE1BB4DB1600687F55 /* RadarResponder.swift */,
			);
			name = Radar;
			sourceTree = "<group>";
		};
		274E80D71BB8BF810091CC80 /* Radar */ = {
			isa = PBXGroup;
			children = (
				274E80D81BB8BF9C0091CC80 /* Radar_TestHelper.swift */,
				274E80D21BB855260091CC80 /* Radar_Tests.swift */,
				2746B03F1BA52B5A00B4D364 /* RadarFactory_Tests.swift */,
				274E80D41BB872F00091CC80 /* RadarResponder_Tests.swift */,
			);
			name = Radar;
			sourceTree = "<group>";
		};
		27783BFC1BD4497500C26D37 /* Kids */ = {
			isa = PBXGroup;
			children = (
				27783BFA1BD402A200C26D37 /* Kid.swift */,
				2746B02C1BA52B5A00B4D364 /* KidsViewController.swift */,
				27783BFD1BD4498900C26D37 /* KidCell.swift */,
				27783C021BD462BE00C26D37 /* KidViewController.swift */,
			);
			name = Kids;
			sourceTree = "<group>";
		};
		27783BFF1BD451BB00C26D37 /* Kids */ = {
			isa = PBXGroup;
			children = (
				27783C001BD451CE00C26D37 /* KidCell_Tests.swift */,
			);
			name = Kids;
			sourceTree = "<group>";
		};
		27ADB6BC1BD483440062B776 /* Resources */ = {
			isa = PBXGroup;
			children = (
				2746B0361BA52B5A00B4D364 /* Info.plist */,
				2746B0311BA52B5A00B4D364 /* Assets.xcassets */,
				2746B0331BA52B5A00B4D364 /* LaunchScreen.storyboard */,
			);
			name = Resources;
			sourceTree = "<group>";
		};
		27ADB6BD1BD483760062B776 /* Core */ = {
			isa = PBXGroup;
			children = (
				2746B02A1BA52B5A00B4D364 /* AppDelegate.swift */,
				2746B02E1BA52B5A00B4D364 /* Main.storyboard */,
				27ADB6C01BD484350062B776 /* Data */,
			);
			name = Core;
			sourceTree = "<group>";
		};
		27ADB6C01BD484350062B776 /* Data */ = {
			isa = PBXGroup;
			children = (
				27ADB6BE1BD483AB0062B776 /* PersistenceStack.swift */,
				27ADB6C11BD4845E0062B776 /* Chord.xcdatamodeld */,
			);
			name = Data;
			sourceTree = "<group>";
		};
		27FF88851BB77EF700D86C99 /* Frameworks */ = {
			isa = PBXGroup;
			children = (
				2746B05C1BA52CB700B4D364 /* CoreLocation.framework */,
				2746B05A1BA52CAF00B4D364 /* CoreBluetooth.framework */,
			);
			name = Frameworks;
			sourceTree = "<group>";
		};
/* End PBXGroup section */

/* Begin PBXNativeTarget section */
		2746B0261BA52B5A00B4D364 /* chord */ = {
			isa = PBXNativeTarget;
			buildConfigurationList = 2746B04F1BA52B5A00B4D364 /* Build configuration list for PBXNativeTarget "chord" */;
			buildPhases = (
				2746B0231BA52B5A00B4D364 /* Sources */,
				2746B0241BA52B5A00B4D364 /* Frameworks */,
				2746B0251BA52B5A00B4D364 /* Resources */,
			);
			buildRules = (
			);
			dependencies = (
			);
			name = chord;
			productName = chord;
			productReference = 2746B0271BA52B5A00B4D364 /* chord.app */;
			productType = "com.apple.product-type.application";
		};
		2746B03A1BA52B5A00B4D364 /* chordTests */ = {
			isa = PBXNativeTarget;
			buildConfigurationList = 2746B0521BA52B5A00B4D364 /* Build configuration list for PBXNativeTarget "chordTests" */;
			buildPhases = (
				2746B0371BA52B5A00B4D364 /* Sources */,
				2746B0381BA52B5A00B4D364 /* Frameworks */,
				2746B0391BA52B5A00B4D364 /* Resources */,
			);
			buildRules = (
			);
			dependencies = (
				2746B03D1BA52B5A00B4D364 /* PBXTargetDependency */,
			);
			name = chordTests;
			productName = chordTests;
			productReference = 2746B03B1BA52B5A00B4D364 /* chordTests.xctest */;
			productType = "com.apple.product-type.bundle.unit-test";
		};
/* End PBXNativeTarget section */

/* Begin PBXProject section */
		2746B01F1BA52B5A00B4D364 /* Project object */ = {
			isa = PBXProject;
			attributes = {
				LastUpgradeCheck = 0700;
				ORGANIZATIONNAME = "Sundeep Gupta";
				TargetAttributes = {
					2746B0261BA52B5A00B4D364 = {
						CreatedOnToolsVersion = 7.0;
					};
					2746B03A1BA52B5A00B4D364 = {
						CreatedOnToolsVersion = 7.0;
						TestTargetID = 2746B0261BA52B5A00B4D364;
					};
				};
			};
			buildConfigurationList = 2746B0221BA52B5A00B4D364 /* Build configuration list for PBXProject "chord" */;
			compatibilityVersion = "Xcode 3.2";
			developmentRegion = English;
			hasScannedForEncodings = 0;
			knownRegions = (
				en,
				Base,
			);
			mainGroup = 2746B01E1BA52B5A00B4D364;
			productRefGroup = 2746B0281BA52B5A00B4D364 /* Products */;
			projectDirPath = "";
			projectRoot = "";
			targets = (
				2746B0261BA52B5A00B4D364 /* chord */,
				2746B03A1BA52B5A00B4D364 /* chordTests */,
			);
		};
/* End PBXProject section */

/* Begin PBXResourcesBuildPhase section */
		2746B0251BA52B5A00B4D364 /* Resources */ = {
			isa = PBXResourcesBuildPhase;
			buildActionMask = 2147483647;
			files = (
				2746B0351BA52B5A00B4D364 /* LaunchScreen.storyboard in Resources */,
				2746B0321BA52B5A00B4D364 /* Assets.xcassets in Resources */,
				2746B0301BA52B5A00B4D364 /* Main.storyboard in Resources */,
			);
			runOnlyForDeploymentPostprocessing = 0;
		};
		2746B0391BA52B5A00B4D364 /* Resources */ = {
			isa = PBXResourcesBuildPhase;
			buildActionMask = 2147483647;
			files = (
			);
			runOnlyForDeploymentPostprocessing = 0;
		};
/* End PBXResourcesBuildPhase section */

/* Begin PBXSourcesBuildPhase section */
		2746B0231BA52B5A00B4D364 /* Sources */ = {
			isa = PBXSourcesBuildPhase;
			buildActionMask = 2147483647;
			files = (
				2746B02D1BA52B5A00B4D364 /* KidsViewController.swift in Sources */,
				27783C031BD462BE00C26D37 /* KidViewController.swift in Sources */,
				27783BFE1BD4498900C26D37 /* KidCell.swift in Sources */,
				2746B02B1BA52B5A00B4D364 /* AppDelegate.swift in Sources */,
				27ADB6C31BD4845E0062B776 /* Chord.xcdatamodeld in Sources */,
				27783BFB1BD402A200C26D37 /* Kid.swift in Sources */,
				2746B0591BA52BE600B4D364 /* Radar.swift in Sources */,
				27F7C3FF1BB4DB1600687F55 /* RadarResponder.swift in Sources */,
				27FF88841BB77B9700D86C99 /* RadarFactory.swift in Sources */,
				27ADB6BF1BD483AB0062B776 /* PersistenceStack.swift in Sources */,
			);
			runOnlyForDeploymentPostprocessing = 0;
		};
		2746B0371BA52B5A00B4D364 /* Sources */ = {
			isa = PBXSourcesBuildPhase;
			buildActionMask = 2147483647;
			files = (
				274E80D31BB855260091CC80 /* Radar_Tests.swift in Sources */,
				274E80D51BB872F00091CC80 /* RadarResponder_Tests.swift in Sources */,
				27783C011BD451CE00C26D37 /* KidCell_Tests.swift in Sources */,
				2746B0401BA52B5A00B4D364 /* RadarFactory_Tests.swift in Sources */,
				274E80D91BB8BF9C0091CC80 /* Radar_TestHelper.swift in Sources */,
			);
			runOnlyForDeploymentPostprocessing = 0;
		};
/* End PBXSourcesBuildPhase section */

/* Begin PBXTargetDependency section */
		2746B03D1BA52B5A00B4D364 /* PBXTargetDependency */ = {
			isa = PBXTargetDependency;
			target = 2746B0261BA52B5A00B4D364 /* chord */;
			targetProxy = 2746B03C1BA52B5A00B4D364 /* PBXContainerItemProxy */;
		};
/* End PBXTargetDependency section */

/* Begin PBXVariantGroup section */
		2746B02E1BA52B5A00B4D364 /* Main.storyboard */ = {
			isa = PBXVariantGroup;
			children = (
				2746B02F1BA52B5A00B4D364 /* Base */,
			);
			name = Main.storyboard;
			sourceTree = "<group>";
		};
		2746B0331BA52B5A00B4D364 /* LaunchScreen.storyboard */ = {
			isa = PBXVariantGroup;
			children = (
				2746B0341BA52B5A00B4D364 /* Base */,
			);
			name = LaunchScreen.storyboard;
			sourceTree = "<group>";
		};
/* End PBXVariantGroup section */

/* Begin XCBuildConfiguration section */
		2746B04D1BA52B5A00B4D364 /* Debug */ = {
			isa = XCBuildConfiguration;
			buildSettings = {
				ALWAYS_SEARCH_USER_PATHS = NO;
				CLANG_CXX_LANGUAGE_STANDARD = "gnu++0x";
				CLANG_CXX_LIBRARY = "libc++";
				CLANG_ENABLE_MODULES = YES;
				CLANG_ENABLE_OBJC_ARC = YES;
				CLANG_WARN_BOOL_CONVERSION = YES;
				CLANG_WARN_CONSTANT_CONVERSION = YES;
				CLANG_WARN_DIRECT_OBJC_ISA_USAGE = YES_ERROR;
				CLANG_WARN_EMPTY_BODY = YES;
				CLANG_WARN_ENUM_CONVERSION = YES;
				CLANG_WARN_INT_CONVERSION = YES;
				CLANG_WARN_OBJC_ROOT_CLASS = YES_ERROR;
				CLANG_WARN_UNREACHABLE_CODE = YES;
				CLANG_WARN__DUPLICATE_METHOD_MATCH = YES;
				"CODE_SIGN_IDENTITY[sdk=iphoneos*]" = "iPhone Developer";
				COPY_PHASE_STRIP = NO;
				DEBUG_INFORMATION_FORMAT = dwarf;
				ENABLE_STRICT_OBJC_MSGSEND = YES;
				ENABLE_TESTABILITY = YES;
				GCC_C_LANGUAGE_STANDARD = gnu99;
				GCC_DYNAMIC_NO_PIC = NO;
				GCC_NO_COMMON_BLOCKS = YES;
				GCC_OPTIMIZATION_LEVEL = 0;
				GCC_PREPROCESSOR_DEFINITIONS = (
					"DEBUG=1",
					"$(inherited)",
				);
				GCC_WARN_64_TO_32_BIT_CONVERSION = YES;
				GCC_WARN_ABOUT_RETURN_TYPE = YES_ERROR;
				GCC_WARN_UNDECLARED_SELECTOR = YES;
				GCC_WARN_UNINITIALIZED_AUTOS = YES_AGGRESSIVE;
				GCC_WARN_UNUSED_FUNCTION = YES;
				GCC_WARN_UNUSED_VARIABLE = YES;
				IPHONEOS_DEPLOYMENT_TARGET = 8.0;
				MTL_ENABLE_DEBUG_INFO = YES;
				ONLY_ACTIVE_ARCH = YES;
				SDKROOT = iphoneos;
				SWIFT_OPTIMIZATION_LEVEL = "-Onone";
			};
			name = Debug;
		};
		2746B04E1BA52B5A00B4D364 /* Release */ = {
			isa = XCBuildConfiguration;
			buildSettings = {
				ALWAYS_SEARCH_USER_PATHS = NO;
				CLANG_CXX_LANGUAGE_STANDARD = "gnu++0x";
				CLANG_CXX_LIBRARY = "libc++";
				CLANG_ENABLE_MODULES = YES;
				CLANG_ENABLE_OBJC_ARC = YES;
				CLANG_WARN_BOOL_CONVERSION = YES;
				CLANG_WARN_CONSTANT_CONVERSION = YES;
				CLANG_WARN_DIRECT_OBJC_ISA_USAGE = YES_ERROR;
				CLANG_WARN_EMPTY_BODY = YES;
				CLANG_WARN_ENUM_CONVERSION = YES;
				CLANG_WARN_INT_CONVERSION = YES;
				CLANG_WARN_OBJC_ROOT_CLASS = YES_ERROR;
				CLANG_WARN_UNREACHABLE_CODE = YES;
				CLANG_WARN__DUPLICATE_METHOD_MATCH = YES;
				"CODE_SIGN_IDENTITY[sdk=iphoneos*]" = "iPhone Developer";
				COPY_PHASE_STRIP = NO;
				DEBUG_INFORMATION_FORMAT = "dwarf-with-dsym";
				ENABLE_NS_ASSERTIONS = NO;
				ENABLE_STRICT_OBJC_MSGSEND = YES;
				GCC_C_LANGUAGE_STANDARD = gnu99;
				GCC_NO_COMMON_BLOCKS = YES;
				GCC_WARN_64_TO_32_BIT_CONVERSION = YES;
				GCC_WARN_ABOUT_RETURN_TYPE = YES_ERROR;
				GCC_WARN_UNDECLARED_SELECTOR = YES;
				GCC_WARN_UNINITIALIZED_AUTOS = YES_AGGRESSIVE;
				GCC_WARN_UNUSED_FUNCTION = YES;
				GCC_WARN_UNUSED_VARIABLE = YES;
				IPHONEOS_DEPLOYMENT_TARGET = 8.0;
				MTL_ENABLE_DEBUG_INFO = NO;
				SDKROOT = iphoneos;
				VALIDATE_PRODUCT = YES;
			};
			name = Release;
		};
		2746B0501BA52B5A00B4D364 /* Debug */ = {
			isa = XCBuildConfiguration;
			buildSettings = {
				ASSETCATALOG_COMPILER_APPICON_NAME = AppIcon;
				INFOPLIST_FILE = chord/Info.plist;
				LD_RUNPATH_SEARCH_PATHS = "$(inherited) @executable_path/Frameworks";
				PRODUCT_BUNDLE_IDENTIFIER = ca.sundeepgupta.chord;
				PRODUCT_NAME = "$(TARGET_NAME)";
			};
			name = Debug;
		};
		2746B0511BA52B5A00B4D364 /* Release */ = {
			isa = XCBuildConfiguration;
			buildSettings = {
				ASSETCATALOG_COMPILER_APPICON_NAME = AppIcon;
				INFOPLIST_FILE = chord/Info.plist;
				LD_RUNPATH_SEARCH_PATHS = "$(inherited) @executable_path/Frameworks";
				PRODUCT_BUNDLE_IDENTIFIER = ca.sundeepgupta.chord;
				PRODUCT_NAME = "$(TARGET_NAME)";
			};
			name = Release;
		};
		2746B0531BA52B5A00B4D364 /* Debug */ = {
			isa = XCBuildConfiguration;
			buildSettings = {
				BUNDLE_LOADER = "$(TEST_HOST)";
				INFOPLIST_FILE = chordTests/Info.plist;
				LD_RUNPATH_SEARCH_PATHS = "$(inherited) @executable_path/Frameworks @loader_path/Frameworks";
				PRODUCT_BUNDLE_IDENTIFIER = ca.sundeepgupta.chordTests;
				PRODUCT_NAME = "$(TARGET_NAME)";
				TEST_HOST = "$(BUILT_PRODUCTS_DIR)/chord.app/chord";
			};
			name = Debug;
		};
		2746B0541BA52B5A00B4D364 /* Release */ = {
			isa = XCBuildConfiguration;
			buildSettings = {
				BUNDLE_LOADER = "$(TEST_HOST)";
				INFOPLIST_FILE = chordTests/Info.plist;
				LD_RUNPATH_SEARCH_PATHS = "$(inherited) @executable_path/Frameworks @loader_path/Frameworks";
				PRODUCT_BUNDLE_IDENTIFIER = ca.sundeepgupta.chordTests;
				PRODUCT_NAME = "$(TARGET_NAME)";
				TEST_HOST = "$(BUILT_PRODUCTS_DIR)/chord.app/chord";
			};
			name = Release;
		};
/* End XCBuildConfiguration section */

/* Begin XCConfigurationList section */
		2746B0221BA52B5A00B4D364 /* Build configuration list for PBXProject "chord" */ = {
			isa = XCConfigurationList;
			buildConfigurations = (
				2746B04D1BA52B5A00B4D364 /* Debug */,
				2746B04E1BA52B5A00B4D364 /* Release */,
			);
			defaultConfigurationIsVisible = 0;
			defaultConfigurationName = Release;
		};
		2746B04F1BA52B5A00B4D364 /* Build configuration list for PBXNativeTarget "chord" */ = {
			isa = XCConfigurationList;
			buildConfigurations = (
				2746B0501BA52B5A00B4D364 /* Debug */,
				2746B0511BA52B5A00B4D364 /* Release */,
			);
			defaultConfigurationIsVisible = 0;
			defaultConfigurationName = Release;
		};
		2746B0521BA52B5A00B4D364 /* Build configuration list for PBXNativeTarget "chordTests" */ = {
			isa = XCConfigurationList;
			buildConfigurations = (
				2746B0531BA52B5A00B4D364 /* Debug */,
				2746B0541BA52B5A00B4D364 /* Release */,
			);
			defaultConfigurationIsVisible = 0;
			defaultConfigurationName = Release;
		};
/* End XCConfigurationList section */

/* Begin XCVersionGroup section */
		27ADB6C11BD4845E0062B776 /* Chord.xcdatamodeld */ = {
			isa = XCVersionGroup;
			children = (
				27ADB6C21BD4845E0062B776 /* Chord.xcdatamodel */,
			);
			currentVersion = 27ADB6C21BD4845E0062B776 /* Chord.xcdatamodel */;
			path = Chord.xcdatamodeld;
			sourceTree = "<group>";
			versionGroupType = wrapper.xcdatamodel;
		};
/* End XCVersionGroup section */
	};
	rootObject = 2746B01F1BA52B5A00B4D364 /* Project object */;
}
